
Microsoft Visual Studio Solution File, Format Version 12.00
# Visual Studio Version 17
VisualStudioVersion = 17.5.33424.131
MinimumVisualStudioVersion = 10.0.40219.1
Project("{9A19103F-16F7-4668-BE54-9A1E7A4F7556}") = "KNU_ASP_NET_lab", "webrusina\KNU_ASP_NET_lab.csproj", "{DCC6CDA2-70F6-4517-8290-2889FDBB32B4}"
EndProject
Global
	GlobalSection(SolutionConfigurationPlatforms) = preSolution
		Debug|Any CPU = Debug|Any CPU
		Release|Any CPU = Release|Any CPU
	EndGlobalSection
	GlobalSection(ProjectConfigurationPlatforms) = postSolution
		{DCC6CDA2-70F6-4517-8290-2889FDBB32B4}.Debug|Any CPU.ActiveCfg = Debug|Any CPU
		{DCC6CDA2-70F6-4517-8290-2889FDBB32B4}.Debug|Any CPU.Build.0 = Debug|Any CPU
		{DCC6CDA2-70F6-4517-8290-2889FDBB32B4}.Release|Any CPU.ActiveCfg = Release|Any CPU
		{DCC6CDA2-70F6-4517-8290-2889FDBB32B4}.Release|Any CPU.Build.0 = Release|Any CPU
	EndGlobalSection
	GlobalSection(SolutionProperties) = preSolution
		HideSolutionNode = FALSE
	EndGlobalSection
	GlobalSection(ExtensibilityGlobals) = postSolution
		SolutionGuid = {676FD871-350F-49DB-B044-5C835DCA2BC6}
	EndGlobalSection
EndGlobal
